
Microsoft Visual Studio Solution File, Format Version 12.00
# Visual Studio Version 17
VisualStudioVersion = 17.0.32112.339
MinimumVisualStudioVersion = 10.0.40219.1
Project("{8BC9CEB8-8B4A-11D0-8D11-00A0C91BC942}") = "PalindromeOfANumber", "PalindromeOfANumber\PalindromeOfANumber.vcxproj", "{3B07DC8E-573C-4D0F-A7A0-9C6F6C18B8DD}"
EndProject
Global
	GlobalSection(SolutionConfigurationPlatforms) = preSolution
		Debug|x64 = Debug|x64
		Debug|x86 = Debug|x86
		Release|x64 = Release|x64
		Release|x86 = Release|x86
	EndGlobalSection
	GlobalSection(ProjectConfigurationPlatforms) = postSolution
		{3B07DC8E-573C-4D0F-A7A0-9C6F6C18B8DD}.Debug|x64.ActiveCfg = Debug|x64
		{3B07DC8E-573C-4D0F-A7A0-9C6F6C18B8DD}.Debug|x64.Build.0 = Debug|x64
		{3B07DC8E-573C-4D0F-A7A0-9C6F6C18B8DD}.Debug|x86.ActiveCfg = Debug|Win32
		{3B07DC8E-573C-4D0F-A7A0-9C6F6C18B8DD}.Debug|x86.Build.0 = Debug|Win32
		{3B07DC8E-573C-4D0F-A7A0-9C6F6C18B8DD}.Release|x64.ActiveCfg = Release|x64
		{3B07DC8E-573C-4D0F-A7A0-9C6F6C18B8DD}.Release|x64.Build.0 = Release|x64
		{3B07DC8E-573C-4D0F-A7A0-9C6F6C18B8DD}.Release|x86.ActiveCfg = Release|Win32
		{3B07DC8E-573C-4D0F-A7A0-9C6F6C18B8DD}.Release|x86.Build.0 = Release|Win32
	EndGlobalSection
	GlobalSection(SolutionProperties) = preSolution
		HideSolutionNode = FALSE
	EndGlobalSection
	GlobalSection(ExtensibilityGlobals) = postSolution
		SolutionGuid = {BE8AAB20-C0A5-4A5A-A837-89C9CC0C3CC4}
	EndGlobalSection
EndGlobal
