
Microsoft Visual Studio Solution File, Format Version 12.00
# Visual Studio Version 17
VisualStudioVersion = 17.2.32516.85
MinimumVisualStudioVersion = 10.0.40219.1
Project("{8BC9CEB8-8B4A-11D0-8D11-00A0C91BC942}") = "BinarySearch", "BinarySearch\BinarySearch.vcxproj", "{DAAACE56-9200-4BB8-B0E4-02ED1DAA1EB9}"
EndProject
Global
	GlobalSection(SolutionConfigurationPlatforms) = preSolution
		Debug|x64 = Debug|x64
		Debug|x86 = Debug|x86
		Release|x64 = Release|x64
		Release|x86 = Release|x86
	EndGlobalSection
	GlobalSection(ProjectConfigurationPlatforms) = postSolution
		{DAAACE56-9200-4BB8-B0E4-02ED1DAA1EB9}.Debug|x64.ActiveCfg = Debug|x64
		{DAAACE56-9200-4BB8-B0E4-02ED1DAA1EB9}.Debug|x64.Build.0 = Debug|x64
		{DAAACE56-9200-4BB8-B0E4-02ED1DAA1EB9}.Debug|x86.ActiveCfg = Debug|Win32
		{DAAACE56-9200-4BB8-B0E4-02ED1DAA1EB9}.Debug|x86.Build.0 = Debug|Win32
		{DAAACE56-9200-4BB8-B0E4-02ED1DAA1EB9}.Release|x64.ActiveCfg = Release|x64
		{DAAACE56-9200-4BB8-B0E4-02ED1DAA1EB9}.Release|x64.Build.0 = Release|x64
		{DAAACE56-9200-4BB8-B0E4-02ED1DAA1EB9}.Release|x86.ActiveCfg = Release|Win32
		{DAAACE56-9200-4BB8-B0E4-02ED1DAA1EB9}.Release|x86.Build.0 = Release|Win32
	EndGlobalSection
	GlobalSection(SolutionProperties) = preSolution
		HideSolutionNode = FALSE
	EndGlobalSection
	GlobalSection(ExtensibilityGlobals) = postSolution
		SolutionGuid = {7D0DB3B5-37A3-4C8A-8EBD-F91E3EA107B9}
	EndGlobalSection
EndGlobal
